[root]
name = "recreate_link"
version = "0.1.0"
dependencies = [
 "gcc 0.3.51 (registry+https://github.com/rust-lang/crates.io-index)",
]

[[package]]
name = "gcc"
version = "0.3.51"
source = "registry+https://github.com/rust-lang/crates.io-index"

[metadata]
"checksum gcc 0.3.51 (registry+https://github.com/rust-lang/crates.io-index)" = "120d07f202dcc3f72859422563522b66fe6463a4c513df062874daad05f85f0a"
